{
  "version": 4,
  "terraform_version": "1.2.5",
  "serial": 86,
  "lineage": "304f57f2-795a-b80c-0bea-3606a34c660a",
  "outputs": {
    "external_ip_address_vm_1": {
      "value": "51.250.83.146",
      "type": "string"
    },
    "external_ip_address_vm_2": {
      "value": "51.250.73.25",
      "type": "string"
    },
    "internal_ip_address_vm_1": {
      "value": "192.168.10.19",
      "type": "string"
    },
    "internal_ip_address_vm_2": {
      "value": "192.168.10.7",
      "type": "string"
    }
  },
  "resources": [
    {
      "mode": "managed",
      "type": "yandex_compute_instance",
      "name": "vm-1",
      "provider": "provider[\"registry.terraform.io/yandex-cloud/yandex\"]",
      "instances": [
        {
          "schema_version": 1,
          "attributes": {
            "allow_recreate": null,
            "allow_stopping_for_update": null,
            "boot_disk": [
              {
                "auto_delete": true,
                "device_name": "fhmod0jcpn9erjtmo8rn",
                "disk_id": "fhmod0jcpn9erjtmo8rn",
                "initialize_params": [
                  {
                    "block_size": 4096,
                    "description": "",
                    "image_id": "fd87kbts7j40q5b9rpjr",
                    "name": "",
                    "size": 10,
                    "snapshot_id": "",
                    "type": "network-hdd"
                  }
                ],
                "mode": "READ_WRITE"
              }
            ],
            "created_at": "2022-07-23T09:50:50Z",
            "description": "",
            "folder_id": "b1g80gm9gn1g7brs582f",
            "fqdn": "fhmue677g727ulffm7ed.auto.internal",
            "hostname": "fhmue677g727ulffm7ed",
            "id": "fhmue677g727ulffm7ed",
            "labels": null,
            "local_disk": [],
            "metadata": {
              "user-data": "#cloud-config\nusers:\n  - name: yasher\n    groups: sudo\n    shell: /bin/bash\n    sudo: ['ALL=(ALL) NOPASSWD:ALL']\n    ssh_authorized_keys:\n     - ssh-rsa AAAAB3NzaC1yc2EAAAADAQABAAABAQDJPehhzOolc9p3q4EenfR/hHLTUF4E0G2KGL0miux0tLdMDGgMI7BmCCS9AVgwcHRDk0yUf7sQaeswpviKfqACJDoPF6S7iAuVgCLP/ZrhgOxnNRcOP3+rghDwdQbG1ovrCyPLsQ2mUgCWZtzjCCbHQZZN6pvXtQGqcsOKN0z509cXXIQ6woFVrXx6Uc3I0b1wb1X3nBeVdkaKPdlAyqfLaD0p1BigYSPLTAjtXpIFl4dWrErAxbi4FvK7un7k+3eSr6oQ27so1qNWOXR106vZ4w/mRHRYozzftU7YxImEKzB6a6PjvdHKxMsAVqsInEs3olehoFztrmK3Pq4sjGIR yasher@ubuntu\n"
            },
            "name": "terraform1",
            "network_acceleration_type": "standard",
            "network_interface": [
              {
                "dns_record": [],
                "index": 0,
                "ip_address": "192.168.10.19",
                "ipv4": true,
                "ipv6": false,
                "ipv6_address": "",
                "ipv6_dns_record": [],
                "mac_address": "d0:0d:1e:71:8e:78",
                "nat": true,
                "nat_dns_record": [],
                "nat_ip_address": "51.250.83.146",
                "nat_ip_version": "IPV4",
                "security_group_ids": [],
                "subnet_id": "e9bcfualig2usight3r4"
              }
            ],
            "placement_policy": [
              {
                "host_affinity_rules": [],
                "placement_group_id": ""
              }
            ],
            "platform_id": "standard-v1",
            "resources": [
              {
                "core_fraction": 100,
                "cores": 2,
                "gpus": 0,
                "memory": 2
              }
            ],
            "scheduling_policy": [
              {
                "preemptible": false
              }
            ],
            "secondary_disk": [],
            "service_account_id": "",
            "status": "running",
            "timeouts": null,
            "zone": "ru-central1-a"
          },
          "sensitive_attributes": [],
          "private": "eyJlMmJmYjczMC1lY2FhLTExZTYtOGY4OC0zNDM2M2JjN2M0YzAiOnsiY3JlYXRlIjozMDAwMDAwMDAwMDAsImRlbGV0ZSI6MzAwMDAwMDAwMDAwLCJ1cGRhdGUiOjMwMDAwMDAwMDAwMH0sInNjaGVtYV92ZXJzaW9uIjoiMSJ9",
          "dependencies": [
            "yandex_vpc_network.network-1",
            "yandex_vpc_subnet.subnet-1"
          ]
        }
      ]
    },
    {
      "mode": "managed",
      "type": "yandex_compute_instance",
      "name": "vm-2",
      "provider": "provider[\"registry.terraform.io/yandex-cloud/yandex\"]",
      "instances": [
        {
          "schema_version": 1,
          "attributes": {
            "allow_recreate": null,
            "allow_stopping_for_update": null,
            "boot_disk": [
              {
                "auto_delete": true,
                "device_name": "fhmc6i7ckvo8govvuovr",
                "disk_id": "fhmc6i7ckvo8govvuovr",
                "initialize_params": [
                  {
                    "block_size": 4096,
                    "description": "",
                    "image_id": "fd87kbts7j40q5b9rpjr",
                    "name": "",
                    "size": 10,
                    "snapshot_id": "",
                    "type": "network-hdd"
                  }
                ],
                "mode": "READ_WRITE"
              }
            ],
            "created_at": "2022-07-23T09:50:50Z",
            "description": "",
            "folder_id": "b1g80gm9gn1g7brs582f",
            "fqdn": "fhmefajcgrvcvdvrl7ke.auto.internal",
            "hostname": "fhmefajcgrvcvdvrl7ke",
            "id": "fhmefajcgrvcvdvrl7ke",
            "labels": null,
            "local_disk": [],
            "metadata": {
              "user-data": "#cloud-config\nusers:\n  - name: yasher\n    groups: sudo\n    shell: /bin/bash\n    sudo: ['ALL=(ALL) NOPASSWD:ALL']\n    ssh_authorized_keys:\n     - ssh-rsa AAAAB3NzaC1yc2EAAAADAQABAAABAQDJPehhzOolc9p3q4EenfR/hHLTUF4E0G2KGL0miux0tLdMDGgMI7BmCCS9AVgwcHRDk0yUf7sQaeswpviKfqACJDoPF6S7iAuVgCLP/ZrhgOxnNRcOP3+rghDwdQbG1ovrCyPLsQ2mUgCWZtzjCCbHQZZN6pvXtQGqcsOKN0z509cXXIQ6woFVrXx6Uc3I0b1wb1X3nBeVdkaKPdlAyqfLaD0p1BigYSPLTAjtXpIFl4dWrErAxbi4FvK7un7k+3eSr6oQ27so1qNWOXR106vZ4w/mRHRYozzftU7YxImEKzB6a6PjvdHKxMsAVqsInEs3olehoFztrmK3Pq4sjGIR yasher@ubuntu\n"
            },
            "name": "terraform2",
            "network_acceleration_type": "standard",
            "network_interface": [
              {
                "dns_record": [],
                "index": 0,
                "ip_address": "192.168.10.7",
                "ipv4": true,
                "ipv6": false,
                "ipv6_address": "",
                "ipv6_dns_record": [],
                "mac_address": "d0:0d:e7:aa:6c:86",
                "nat": true,
                "nat_dns_record": [],
                "nat_ip_address": "51.250.73.25",
                "nat_ip_version": "IPV4",
                "security_group_ids": [],
                "subnet_id": "e9bcfualig2usight3r4"
              }
            ],
            "placement_policy": [
              {
                "host_affinity_rules": [],
                "placement_group_id": ""
              }
            ],
            "platform_id": "standard-v1",
            "resources": [
              {
                "core_fraction": 100,
                "cores": 2,
                "gpus": 0,
                "memory": 2
              }
            ],
            "scheduling_policy": [
              {
                "preemptible": false
              }
            ],
            "secondary_disk": [],
            "service_account_id": "",
            "status": "running",
            "timeouts": null,
            "zone": "ru-central1-a"
          },
          "sensitive_attributes": [],
          "private": "eyJlMmJmYjczMC1lY2FhLTExZTYtOGY4OC0zNDM2M2JjN2M0YzAiOnsiY3JlYXRlIjozMDAwMDAwMDAwMDAsImRlbGV0ZSI6MzAwMDAwMDAwMDAwLCJ1cGRhdGUiOjMwMDAwMDAwMDAwMH0sInNjaGVtYV92ZXJzaW9uIjoiMSJ9",
          "dependencies": [
            "yandex_vpc_network.network-1",
            "yandex_vpc_subnet.subnet-1"
          ]
        }
      ]
    },
    {
      "mode": "managed",
      "type": "yandex_vpc_network",
      "name": "network-1",
      "provider": "provider[\"registry.terraform.io/yandex-cloud/yandex\"]",
      "instances": [
        {
          "schema_version": 0,
          "attributes": {
            "created_at": "2022-07-23T09:50:46Z",
            "default_security_group_id": "",
            "description": "",
            "folder_id": "b1g80gm9gn1g7brs582f",
            "id": "enpspl9p904d121ossfn",
            "labels": {},
            "name": "network1",
            "subnet_ids": [],
            "timeouts": null
          },
          "sensitive_attributes": [],
          "private": "eyJlMmJmYjczMC1lY2FhLTExZTYtOGY4OC0zNDM2M2JjN2M0YzAiOnsiY3JlYXRlIjo2MDAwMDAwMDAwMCwiZGVsZXRlIjo2MDAwMDAwMDAwMCwidXBkYXRlIjo2MDAwMDAwMDAwMH19"
        }
      ]
    },
    {
      "mode": "managed",
      "type": "yandex_vpc_subnet",
      "name": "subnet-1",
      "provider": "provider[\"registry.terraform.io/yandex-cloud/yandex\"]",
      "instances": [
        {
          "schema_version": 0,
          "attributes": {
            "created_at": "2022-07-23T09:50:48Z",
            "description": "",
            "dhcp_options": [],
            "folder_id": "b1g80gm9gn1g7brs582f",
            "id": "e9bcfualig2usight3r4",
            "labels": {},
            "name": "subnet1",
            "network_id": "enpspl9p904d121ossfn",
            "route_table_id": "",
            "timeouts": null,
            "v4_cidr_blocks": [
              "192.168.10.0/24"
            ],
            "v6_cidr_blocks": [],
            "zone": "ru-central1-a"
          },
          "sensitive_attributes": [],
          "private": "eyJlMmJmYjczMC1lY2FhLTExZTYtOGY4OC0zNDM2M2JjN2M0YzAiOnsiY3JlYXRlIjoxODAwMDAwMDAwMDAsImRlbGV0ZSI6MTgwMDAwMDAwMDAwLCJ1cGRhdGUiOjE4MDAwMDAwMDAwMH19",
          "dependencies": [
            "yandex_vpc_network.network-1"
          ]
        }
      ]
    }
  ]
}
